
Terraform used the selected providers to generate the following execution
plan. Resource actions are indicated with the following symbols:
  + create

Terraform will perform the following actions:

  # aws_s3_bucket.static_assets will be created
  + resource "aws_s3_bucket" "static_assets" {
      + acceleration_status         = (known after apply)
      + acl                         = (known after apply)
      + arn                         = (known after apply)
      + bucket                      = (known after apply)
      + bucket_domain_name          = (known after apply)
      + bucket_prefix               = (known after apply)
      + bucket_regional_domain_name = (known after apply)
      + force_destroy               = true
      + hosted_zone_id              = (known after apply)
      + id                          = (known after apply)
      + object_lock_enabled         = (known after apply)
      + policy                      = (known after apply)
      + region                      = (known after apply)
      + request_payer               = (known after apply)
      + tags                        = {
          + "Name" = "three-tier-app-dev-static-assets"
        }
      + tags_all                    = {
          + "Environment" = "dev"
          + "ManagedBy"   = "Terraform"
          + "Name"        = "three-tier-app-dev-static-assets"
          + "Owner"       = "platform-team"
          + "Project"     = "three-tier-app"
        }
      + website_domain              = (known after apply)
      + website_endpoint            = (known after apply)

      + cors_rule (known after apply)

      + grant (known after apply)

      + lifecycle_rule (known after apply)

      + logging (known after apply)

      + object_lock_configuration (known after apply)

      + replication_configuration (known after apply)

      + server_side_encryption_configuration (known after apply)

      + versioning (known after apply)

      + website (known after apply)
    }

  # aws_s3_bucket_lifecycle_configuration.static_assets will be created
  + resource "aws_s3_bucket_lifecycle_configuration" "static_assets" {
      + bucket                                 = (known after apply)
      + expected_bucket_owner                  = (known after apply)
      + id                                     = (known after apply)
      + transition_default_minimum_object_size = "all_storage_classes_128K"

      + rule {
          + id     = "transition-and-expire"
          + status = "Enabled"
            # (1 unchanged attribute hidden)

          + noncurrent_version_expiration {
              + noncurrent_days = 30
            }

          + transition {
              + days          = 90
              + storage_class = "STANDARD_IA"
            }
        }
    }

  # aws_s3_bucket_public_access_block.static_assets will be created
  + resource "aws_s3_bucket_public_access_block" "static_assets" {
      + block_public_acls       = true
      + block_public_policy     = true
      + bucket                  = (known after apply)
      + id                      = (known after apply)
      + ignore_public_acls      = true
      + restrict_public_buckets = true
    }

  # aws_s3_bucket_server_side_encryption_configuration.static_assets will be created
  + resource "aws_s3_bucket_server_side_encryption_configuration" "static_assets" {
      + bucket = (known after apply)
      + id     = (known after apply)

      + rule {
          + bucket_key_enabled = true

          + apply_server_side_encryption_by_default {
              + sse_algorithm     = "AES256"
                # (1 unchanged attribute hidden)
            }
        }
    }

  # aws_s3_bucket_versioning.static_assets will be created
  + resource "aws_s3_bucket_versioning" "static_assets" {
      + bucket = (known after apply)
      + id     = (known after apply)

      + versioning_configuration {
          + mfa_delete = (known after apply)
          + status     = "Enabled"
        }
    }

  # random_id.bucket_suffix will be created
  + resource "random_id" "bucket_suffix" {
      + b64_std     = (known after apply)
      + b64_url     = (known after apply)
      + byte_length = 4
      + dec         = (known after apply)
      + hex         = (known after apply)
      + id          = (known after apply)
    }

  # module.compute.aws_autoscaling_group.app will be created
  + resource "aws_autoscaling_group" "app" {
      + arn                              = (known after apply)
      + availability_zones               = (known after apply)
      + default_cooldown                 = (known after apply)
      + desired_capacity                 = 2
      + force_delete                     = false
      + force_delete_warm_pool           = false
      + health_check_grace_period        = 300
      + health_check_type                = "ELB"
      + id                               = (known after apply)
      + ignore_failed_scaling_activities = false
      + load_balancers                   = (known after apply)
      + max_size                         = 4
      + metrics_granularity              = "1Minute"
      + min_size                         = 2
      + name                             = "three-tier-app-dev-asg"
      + name_prefix                      = (known after apply)
      + predicted_capacity               = (known after apply)
      + protect_from_scale_in            = false
      + service_linked_role_arn          = (known after apply)
      + target_group_arns                = (known after apply)
      + vpc_zone_identifier              = (known after apply)
      + wait_for_capacity_timeout        = "10m"
      + warm_pool_size                   = (known after apply)

      + availability_zone_distribution (known after apply)

      + capacity_reservation_specification (known after apply)

      + instance_refresh {
          + strategy = "Rolling"

          + preferences {
              + max_healthy_percentage       = 100
              + min_healthy_percentage       = 50
              + scale_in_protected_instances = "Ignore"
              + skip_matching                = false
              + standby_instances            = "Ignore"
            }
        }

      + launch_template {
          + id      = (known after apply)
          + name    = (known after apply)
          + version = "$Latest"
        }

      + mixed_instances_policy (known after apply)

      + tag {
          + key                 = "Name"
          + propagate_at_launch = true
          + value               = "three-tier-app-dev-app-instance"
        }

      + traffic_source (known after apply)
    }

  # module.compute.aws_autoscaling_policy.scale_in will be created
  + resource "aws_autoscaling_policy" "scale_in" {
      + adjustment_type         = "ChangeInCapacity"
      + arn                     = (known after apply)
      + autoscaling_group_name  = "three-tier-app-dev-asg"
      + cooldown                = 300
      + enabled                 = true
      + id                      = (known after apply)
      + metric_aggregation_type = (known after apply)
      + name                    = "three-tier-app-dev-scale-in"
      + policy_type             = "SimpleScaling"
      + scaling_adjustment      = -1
    }

  # module.compute.aws_autoscaling_policy.scale_out will be created
  + resource "aws_autoscaling_policy" "scale_out" {
      + adjustment_type         = "ChangeInCapacity"
      + arn                     = (known after apply)
      + autoscaling_group_name  = "three-tier-app-dev-asg"
      + cooldown                = 120
      + enabled                 = true
      + id                      = (known after apply)
      + metric_aggregation_type = (known after apply)
      + name                    = "three-tier-app-dev-scale-out"
      + policy_type             = "SimpleScaling"
      + scaling_adjustment      = 1
    }

  # module.compute.aws_cloudwatch_metric_alarm.cpu_high will be created
  + resource "aws_cloudwatch_metric_alarm" "cpu_high" {
      + actions_enabled                       = true
      + alarm_actions                         = (known after apply)
      + alarm_description                     = "Scale out when average CPU > 70% for 2 minutes"
      + alarm_name                            = "three-tier-app-dev-cpu-high"
      + arn                                   = (known after apply)
      + comparison_operator                   = "GreaterThanThreshold"
      + dimensions                            = {
          + "AutoScalingGroupName" = "three-tier-app-dev-asg"
        }
      + evaluate_low_sample_count_percentiles = (known after apply)
      + evaluation_periods                    = 2
      + id                                    = (known after apply)
      + metric_name                           = "CPUUtilization"
      + namespace                             = "AWS/EC2"
      + period                                = 60
      + statistic                             = "Average"
      + tags_all                              = {
          + "Environment" = "dev"
          + "ManagedBy"   = "Terraform"
          + "Owner"       = "platform-team"
          + "Project"     = "three-tier-app"
        }
      + threshold                             = 70
      + treat_missing_data                    = "missing"
    }

  # module.compute.aws_cloudwatch_metric_alarm.cpu_low will be created
  + resource "aws_cloudwatch_metric_alarm" "cpu_low" {
      + actions_enabled                       = true
      + alarm_actions                         = (known after apply)
      + alarm_description                     = "Scale in when average CPU < 30% for 2 minutes"
      + alarm_name                            = "three-tier-app-dev-cpu-low"
      + arn                                   = (known after apply)
      + comparison_operator                   = "LessThanThreshold"
      + dimensions                            = {
          + "AutoScalingGroupName" = "three-tier-app-dev-asg"
        }
      + evaluate_low_sample_count_percentiles = (known after apply)
      + evaluation_periods                    = 2
      + id                                    = (known after apply)
      + metric_name                           = "CPUUtilization"
      + namespace                             = "AWS/EC2"
      + period                                = 60
      + statistic                             = "Average"
      + tags_all                              = {
          + "Environment" = "dev"
          + "ManagedBy"   = "Terraform"
          + "Owner"       = "platform-team"
          + "Project"     = "three-tier-app"
        }
      + threshold                             = 30
      + treat_missing_data                    = "missing"
    }

  # module.compute.aws_launch_template.app will be created
  + resource "aws_launch_template" "app" {
      + arn                    = (known after apply)
      + default_version        = (known after apply)
      + id                     = (known after apply)
      + image_id               = "ami-0c02fb55956c7d316"
      + instance_type          = "t3.micro"
      + latest_version         = (known after apply)
      + name                   = (known after apply)
      + name_prefix            = "three-tier-app-dev-lt-"
      + tags_all               = {
          + "Environment" = "dev"
          + "ManagedBy"   = "Terraform"
          + "Owner"       = "platform-team"
          + "Project"     = "three-tier-app"
        }
      + user_data              = "IyEvYmluL2Jhc2gNCiMgVXBkYXRlIGFsbCBpbnN0YWxsZWQgcGFja2FnZXMNCnl1bSB1cGRhdGUgLXkNCg0KIyBJbnN0YWxsIG5naW54IGZyb20gdGhlIEFtYXpvbiBMaW51eCBleHRyYXMgcmVwb3NpdG9yeQ0KYW1hem9uLWxpbnV4LWV4dHJhcyBpbnN0YWxsIG5naW54MSAteSAyPi9kZXYvbnVsbCB8fCBcDQogIGRuZiBpbnN0YWxsIC15IG5naW54DQoNCiMgV3JpdGUgYSBzaW1wbGUgSFRNTCBwYWdlIHRoYXQgc2hvd3MgdGhlIGluc3RhbmNlIGhvc3RuYW1lDQpjYXQgPiAvdXNyL3NoYXJlL25naW54L2h0bWwvaW5kZXguaHRtbCA8PEhUTUwNCjwhRE9DVFlQRSBodG1sPg0KPGh0bWw+DQogIDxoZWFkPjx0aXRsZT5UaHJlZS1UaWVyIEFwcDwvdGl0bGU+PC9oZWFkPg0KICA8Ym9keT4NCiAgICA8aDE+SGVsbG8gZnJvbSAkKGhvc3RuYW1lIC1mKTwvaDE+DQogICAgPHA+RW52aXJvbm1lbnQ6IHRocmVlLXRpZXItYXBwLWRldjwvcD4NCiAgPC9ib2R5Pg0KPC9odG1sPg0KSFRNTA0KDQojIEVuYWJsZSBuZ2lueCB0byBzdGFydCBvbiByZWJvb3QgYW5kIHN0YXJ0IGl0IG5vdw0Kc3lzdGVtY3RsIGVuYWJsZSBuZ2lueA0Kc3lzdGVtY3RsIHN0YXJ0IG5naW54DQo="
      + vpc_security_group_ids = (known after apply)

      + block_device_mappings {
          + device_name = "/dev/xvda"

          + ebs {
              + delete_on_termination      = "true"
              + encrypted                  = "true"
              + iops                       = (known after apply)
              + throughput                 = (known after apply)
              + volume_initialization_rate = (known after apply)
              + volume_size                = 20
              + volume_type                = "gp3"
            }
        }

      + metadata_options (known after apply)

      + monitoring {
          + enabled = true
        }

      + tag_specifications {
          + resource_type = "instance"
          + tags          = {
              + "Name" = "three-tier-app-dev-app-instance"
            }
        }
      + tag_specifications {
          + resource_type = "volume"
          + tags          = {
              + "Name" = "three-tier-app-dev-app-volume"
            }
        }
    }

  # module.compute.aws_lb.main will be created
  + resource "aws_lb" "main" {
      + arn                                                          = (known after apply)
      + arn_suffix                                                   = (known after apply)
      + client_keep_alive                                            = 3600
      + desync_mitigation_mode                                       = "defensive"
      + dns_name                                                     = (known after apply)
      + drop_invalid_header_fields                                   = false
      + enable_deletion_protection                                   = false
      + enable_http2                                                 = true
      + enable_tls_version_and_cipher_suite_headers                  = false
      + enable_waf_fail_open                                         = false
      + enable_xff_client_port                                       = false
      + enable_zonal_shift                                           = false
      + enforce_security_group_inbound_rules_on_private_link_traffic = (known after apply)
      + id                                                           = (known after apply)
      + idle_timeout                                                 = 60
      + internal                                                     = false
      + ip_address_type                                              = (known after apply)
      + load_balancer_type                                           = "application"
      + name                                                         = "three-tier-app-dev-alb"
      + name_prefix                                                  = (known after apply)
      + preserve_host_header                                         = false
      + security_groups                                              = (known after apply)
      + subnets                                                      = (known after apply)
      + tags                                                         = {
          + "Name" = "three-tier-app-dev-alb"
        }
      + tags_all                                                     = {
          + "Environment" = "dev"
          + "ManagedBy"   = "Terraform"
          + "Name"        = "three-tier-app-dev-alb"
          + "Owner"       = "platform-team"
          + "Project"     = "three-tier-app"
        }
      + vpc_id                                                       = (known after apply)
      + xff_header_processing_mode                                   = "append"
      + zone_id                                                      = (known after apply)

      + subnet_mapping (known after apply)
    }

  # module.compute.aws_lb_listener.http will be created
  + resource "aws_lb_listener" "http" {
      + arn                                                                   = (known after apply)
      + id                                                                    = (known after apply)
      + load_balancer_arn                                                     = (known after apply)
      + port                                                                  = 80
      + protocol                                                              = "HTTP"
      + routing_http_request_x_amzn_mtls_clientcert_header_name               = (known after apply)
      + routing_http_request_x_amzn_mtls_clientcert_issuer_header_name        = (known after apply)
      + routing_http_request_x_amzn_mtls_clientcert_leaf_header_name          = (known after apply)
      + routing_http_request_x_amzn_mtls_clientcert_serial_number_header_name = (known after apply)
      + routing_http_request_x_amzn_mtls_clientcert_subject_header_name       = (known after apply)
      + routing_http_request_x_amzn_mtls_clientcert_validity_header_name      = (known after apply)
      + routing_http_request_x_amzn_tls_cipher_suite_header_name              = (known after apply)
      + routing_http_request_x_amzn_tls_version_header_name                   = (known after apply)
      + routing_http_response_access_control_allow_credentials_header_value   = (known after apply)
      + routing_http_response_access_control_allow_headers_header_value       = (known after apply)
      + routing_http_response_access_control_allow_methods_header_value       = (known after apply)
      + routing_http_response_access_control_allow_origin_header_value        = (known after apply)
      + routing_http_response_access_control_expose_headers_header_value      = (known after apply)
      + routing_http_response_access_control_max_age_header_value             = (known after apply)
      + routing_http_response_content_security_policy_header_value            = (known after apply)
      + routing_http_response_server_enabled                                  = (known after apply)
      + routing_http_response_strict_transport_security_header_value          = (known after apply)
      + routing_http_response_x_content_type_options_header_value             = (known after apply)
      + routing_http_response_x_frame_options_header_value                    = (known after apply)
      + ssl_policy                                                            = (known after apply)
      + tags_all                                                              = {
          + "Environment" = "dev"
          + "ManagedBy"   = "Terraform"
          + "Owner"       = "platform-team"
          + "Project"     = "three-tier-app"
        }
      + tcp_idle_timeout_seconds                                              = (known after apply)

      + default_action {
          + order            = (known after apply)
          + target_group_arn = (known after apply)
          + type             = "forward"
        }

      + mutual_authentication (known after apply)
    }

  # module.compute.aws_lb_target_group.app will be created
  + resource "aws_lb_target_group" "app" {
      + arn                                = (known after apply)
      + arn_suffix                         = (known after apply)
      + connection_termination             = (known after apply)
      + deregistration_delay               = "300"
      + id                                 = (known after apply)
      + ip_address_type                    = (known after apply)
      + lambda_multi_value_headers_enabled = false
      + load_balancer_arns                 = (known after apply)
      + load_balancing_algorithm_type      = (known after apply)
      + load_balancing_anomaly_mitigation  = (known after apply)
      + load_balancing_cross_zone_enabled  = (known after apply)
      + name                               = "three-tier-app-dev-app-tg"
      + name_prefix                        = (known after apply)
      + port                               = 80
      + preserve_client_ip                 = (known after apply)
      + protocol                           = "HTTP"
      + protocol_version                   = (known after apply)
      + proxy_protocol_v2                  = false
      + slow_start                         = 0
      + tags                               = {
          + "Name" = "three-tier-app-dev-app-tg"
        }
      + tags_all                           = {
          + "Environment" = "dev"
          + "ManagedBy"   = "Terraform"
          + "Name"        = "three-tier-app-dev-app-tg"
          + "Owner"       = "platform-team"
          + "Project"     = "three-tier-app"
        }
      + target_type                        = "instance"
      + vpc_id                             = (known after apply)

      + health_check {
          + enabled             = true
          + healthy_threshold   = 2
          + interval            = 30
          + matcher             = "200"
          + path                = "/"
          + port                = "traffic-port"
          + protocol            = "HTTP"
          + timeout             = 5
          + unhealthy_threshold = 3
        }

      + stickiness (known after apply)

      + target_failover (known after apply)

      + target_group_health (known after apply)

      + target_health_state (known after apply)
    }

  # module.compute.aws_security_group.alb will be created
  + resource "aws_security_group" "alb" {
      + arn                    = (known after apply)
      + description            = "Allow HTTP and HTTPS inbound traffic to the Application Load Balancer"
      + egress                 = [
          + {
              + cidr_blocks      = [
                  + "0.0.0.0/0",
                ]
              + description      = "Allow all outbound traffic"
              + from_port        = 0
              + ipv6_cidr_blocks = []
              + prefix_list_ids  = []
              + protocol         = "-1"
              + security_groups  = []
              + self             = false
              + to_port          = 0
            },
        ]
      + id                     = (known after apply)
      + ingress                = [
          + {
              + cidr_blocks      = [
                  + "0.0.0.0/0",
                ]
              + description      = "HTTP from internet"
              + from_port        = 80
              + ipv6_cidr_blocks = []
              + prefix_list_ids  = []
              + protocol         = "tcp"
              + security_groups  = []
              + self             = false
              + to_port          = 80
            },
          + {
              + cidr_blocks      = [
                  + "0.0.0.0/0",
                ]
              + description      = "HTTPS from internet"
              + from_port        = 443
              + ipv6_cidr_blocks = []
              + prefix_list_ids  = []
              + protocol         = "tcp"
              + security_groups  = []
              + self             = false
              + to_port          = 443
            },
        ]
      + name                   = "three-tier-app-dev-alb-sg"
      + name_prefix            = (known after apply)
      + owner_id               = (known after apply)
      + revoke_rules_on_delete = false
      + tags                   = {
          + "Name" = "three-tier-app-dev-alb-sg"
        }
      + tags_all               = {
          + "Environment" = "dev"
          + "ManagedBy"   = "Terraform"
          + "Name"        = "three-tier-app-dev-alb-sg"
          + "Owner"       = "platform-team"
          + "Project"     = "three-tier-app"
        }
      + vpc_id                 = (known after apply)
    }

  # module.compute.aws_security_group.app will be created
  + resource "aws_security_group" "app" {
      + arn                    = (known after apply)
      + description            = "Allow HTTP from ALB; allow all outbound traffic"
      + egress                 = [
          + {
              + cidr_blocks      = [
                  + "0.0.0.0/0",
                ]
              + description      = "Allow all outbound traffic"
              + from_port        = 0
              + ipv6_cidr_blocks = []
              + prefix_list_ids  = []
              + protocol         = "-1"
              + security_groups  = []
              + self             = false
              + to_port          = 0
            },
        ]
      + id                     = (known after apply)
      + ingress                = [
          + {
              + cidr_blocks      = [
                  + "10.0.0.0/16",
                ]
              + description      = "SSH from within VPC"
              + from_port        = 22
              + ipv6_cidr_blocks = []
              + prefix_list_ids  = []
              + protocol         = "tcp"
              + security_groups  = []
              + self             = false
              + to_port          = 22
            },
          + {
              + cidr_blocks      = []
              + description      = "HTTP from ALB"
              + from_port        = 80
              + ipv6_cidr_blocks = []
              + prefix_list_ids  = []
              + protocol         = "tcp"
              + security_groups  = (known after apply)
              + self             = false
              + to_port          = 80
            },
        ]
      + name                   = "three-tier-app-dev-app-sg"
      + name_prefix            = (known after apply)
      + owner_id               = (known after apply)
      + revoke_rules_on_delete = false
      + tags                   = {
          + "Name" = "three-tier-app-dev-app-sg"
        }
      + tags_all               = {
          + "Environment" = "dev"
          + "ManagedBy"   = "Terraform"
          + "Name"        = "three-tier-app-dev-app-sg"
          + "Owner"       = "platform-team"
          + "Project"     = "three-tier-app"
        }
      + vpc_id                 = (known after apply)
    }

  # module.database.aws_db_instance.main will be created
  + resource "aws_db_instance" "main" {
      + address                               = (known after apply)
      + allocated_storage                     = 20
      + apply_immediately                     = false
      + arn                                   = (known after apply)
      + auto_minor_version_upgrade            = true
      + availability_zone                     = (known after apply)
      + backup_retention_period               = 7
      + backup_target                         = (known after apply)
      + backup_window                         = "03:00-04:00"
      + ca_cert_identifier                    = (known after apply)
      + character_set_name                    = (known after apply)
      + copy_tags_to_snapshot                 = false
      + database_insights_mode                = (known after apply)
      + db_name                               = "appdb"
      + db_subnet_group_name                  = "three-tier-app-dev-db-subnet-group"
      + dedicated_log_volume                  = false
      + delete_automated_backups              = true
      + deletion_protection                   = false
      + domain_fqdn                           = (known after apply)
      + endpoint                              = (known after apply)
      + engine                                = "mysql"
      + engine_lifecycle_support              = (known after apply)
      + engine_version                        = "8.0"
      + engine_version_actual                 = (known after apply)
      + final_snapshot_identifier             = "three-tier-app-dev-mysql-final-snapshot"
      + hosted_zone_id                        = (known after apply)
      + id                                    = (known after apply)
      + identifier                            = "three-tier-app-dev-mysql"
      + identifier_prefix                     = (known after apply)
      + instance_class                        = "db.t3.micro"
      + iops                                  = (known after apply)
      + kms_key_id                            = (known after apply)
      + latest_restorable_time                = (known after apply)
      + license_model                         = (known after apply)
      + listener_endpoint                     = (known after apply)
      + maintenance_window                    = "mon:04:00-mon:05:00"
      + master_user_secret                    = (known after apply)
      + master_user_secret_kms_key_id         = (known after apply)
      + max_allocated_storage                 = 40
      + monitoring_interval                   = 0
      + monitoring_role_arn                   = (known after apply)
      + multi_az                              = false
      + nchar_character_set_name              = (known after apply)
      + network_type                          = (known after apply)
      + option_group_name                     = (known after apply)
      + parameter_group_name                  = (known after apply)
      + password                              = (sensitive value)
      + password_wo                           = (write-only attribute)
      + performance_insights_enabled          = true
      + performance_insights_kms_key_id       = (known after apply)
      + performance_insights_retention_period = (known after apply)
      + port                                  = (known after apply)
      + publicly_accessible                   = false
      + replica_mode                          = (known after apply)
      + replicas                              = (known after apply)
      + resource_id                           = (known after apply)
      + skip_final_snapshot                   = true
      + snapshot_identifier                   = (known after apply)
      + status                                = (known after apply)
      + storage_encrypted                     = true
      + storage_throughput                    = (known after apply)
      + storage_type                          = "gp3"
      + tags                                  = {
          + "Name" = "three-tier-app-dev-mysql"
        }
      + tags_all                              = {
          + "Environment" = "dev"
          + "ManagedBy"   = "Terraform"
          + "Name"        = "three-tier-app-dev-mysql"
          + "Owner"       = "platform-team"
          + "Project"     = "three-tier-app"
        }
      + timezone                              = (known after apply)
      + username                              = (sensitive value)
      + vpc_security_group_ids                = (known after apply)
    }

  # module.database.aws_db_subnet_group.main will be created
  + resource "aws_db_subnet_group" "main" {
      + arn                     = (known after apply)
      + description             = "Subnet group for the three-tier-app-dev RDS instance"
      + id                      = (known after apply)
      + name                    = "three-tier-app-dev-db-subnet-group"
      + name_prefix             = (known after apply)
      + subnet_ids              = (known after apply)
      + supported_network_types = (known after apply)
      + tags                    = {
          + "Name" = "three-tier-app-dev-db-subnet-group"
        }
      + tags_all                = {
          + "Environment" = "dev"
          + "ManagedBy"   = "Terraform"
          + "Name"        = "three-tier-app-dev-db-subnet-group"
          + "Owner"       = "platform-team"
          + "Project"     = "three-tier-app"
        }
      + vpc_id                  = (known after apply)
    }

  # module.database.aws_security_group.db will be created
  + resource "aws_security_group" "db" {
      + arn                    = (known after apply)
      + description            = "Allow MySQL inbound traffic from the application tier only"
      + egress                 = [
          + {
              + cidr_blocks      = [
                  + "0.0.0.0/0",
                ]
              + description      = "Allow all outbound traffic"
              + from_port        = 0
              + ipv6_cidr_blocks = []
              + prefix_list_ids  = []
              + protocol         = "-1"
              + security_groups  = []
              + self             = false
              + to_port          = 0
            },
        ]
      + id                     = (known after apply)
      + ingress                = [
          + {
              + cidr_blocks      = []
              + description      = "MySQL from app tier"
              + from_port        = 3306
              + ipv6_cidr_blocks = []
              + prefix_list_ids  = []
              + protocol         = "tcp"
              + security_groups  = (known after apply)
              + self             = false
              + to_port          = 3306
            },
        ]
      + name                   = "three-tier-app-dev-db-sg"
      + name_prefix            = (known after apply)
      + owner_id               = (known after apply)
      + revoke_rules_on_delete = false
      + tags                   = {
          + "Name" = "three-tier-app-dev-db-sg"
        }
      + tags_all               = {
          + "Environment" = "dev"
          + "ManagedBy"   = "Terraform"
          + "Name"        = "three-tier-app-dev-db-sg"
          + "Owner"       = "platform-team"
          + "Project"     = "three-tier-app"
        }
      + vpc_id                 = (known after apply)
    }

  # module.networking.aws_eip.nat[0] will be created
  + resource "aws_eip" "nat" {
      + allocation_id        = (known after apply)
      + arn                  = (known after apply)
      + association_id       = (known after apply)
      + carrier_ip           = (known after apply)
      + customer_owned_ip    = (known after apply)
      + domain               = "vpc"
      + id                   = (known after apply)
      + instance             = (known after apply)
      + ipam_pool_id         = (known after apply)
      + network_border_group = (known after apply)
      + network_interface    = (known after apply)
      + private_dns          = (known after apply)
      + private_ip           = (known after apply)
      + ptr_record           = (known after apply)
      + public_dns           = (known after apply)
      + public_ip            = (known after apply)
      + public_ipv4_pool     = (known after apply)
      + tags                 = {
          + "Name" = "three-tier-app-dev-nat-eip-1"
        }
      + tags_all             = {
          + "Environment" = "dev"
          + "ManagedBy"   = "Terraform"
          + "Name"        = "three-tier-app-dev-nat-eip-1"
          + "Owner"       = "platform-team"
          + "Project"     = "three-tier-app"
        }
      + vpc                  = (known after apply)
    }

  # module.networking.aws_eip.nat[1] will be created
  + resource "aws_eip" "nat" {
      + allocation_id        = (known after apply)
      + arn                  = (known after apply)
      + association_id       = (known after apply)
      + carrier_ip           = (known after apply)
      + customer_owned_ip    = (known after apply)
      + domain               = "vpc"
      + id                   = (known after apply)
      + instance             = (known after apply)
      + ipam_pool_id         = (known after apply)
      + network_border_group = (known after apply)
      + network_interface    = (known after apply)
      + private_dns          = (known after apply)
      + private_ip           = (known after apply)
      + ptr_record           = (known after apply)
      + public_dns           = (known after apply)
      + public_ip            = (known after apply)
      + public_ipv4_pool     = (known after apply)
      + tags                 = {
          + "Name" = "three-tier-app-dev-nat-eip-2"
        }
      + tags_all             = {
          + "Environment" = "dev"
          + "ManagedBy"   = "Terraform"
          + "Name"        = "three-tier-app-dev-nat-eip-2"
          + "Owner"       = "platform-team"
          + "Project"     = "three-tier-app"
        }
      + vpc                  = (known after apply)
    }

  # module.networking.aws_internet_gateway.main will be created
  + resource "aws_internet_gateway" "main" {
      + arn      = (known after apply)
      + id       = (known after apply)
      + owner_id = (known after apply)
      + tags     = {
          + "Name" = "three-tier-app-dev-igw"
        }
      + tags_all = {
          + "Environment" = "dev"
          + "ManagedBy"   = "Terraform"
          + "Name"        = "three-tier-app-dev-igw"
          + "Owner"       = "platform-team"
          + "Project"     = "three-tier-app"
        }
      + vpc_id   = (known after apply)
    }

  # module.networking.aws_nat_gateway.main[0] will be created
  + resource "aws_nat_gateway" "main" {
      + allocation_id                      = (known after apply)
      + association_id                     = (known after apply)
      + connectivity_type                  = "public"
      + id                                 = (known after apply)
      + network_interface_id               = (known after apply)
      + private_ip                         = (known after apply)
      + public_ip                          = (known after apply)
      + secondary_private_ip_address_count = (known after apply)
      + secondary_private_ip_addresses     = (known after apply)
      + subnet_id                          = (known after apply)
      + tags                               = {
          + "Name" = "three-tier-app-dev-nat-gw-1"
        }
      + tags_all                           = {
          + "Environment" = "dev"
          + "ManagedBy"   = "Terraform"
          + "Name"        = "three-tier-app-dev-nat-gw-1"
          + "Owner"       = "platform-team"
          + "Project"     = "three-tier-app"
        }
    }

  # module.networking.aws_nat_gateway.main[1] will be created
  + resource "aws_nat_gateway" "main" {
      + allocation_id                      = (known after apply)
      + association_id                     = (known after apply)
      + connectivity_type                  = "public"
      + id                                 = (known after apply)
      + network_interface_id               = (known after apply)
      + private_ip                         = (known after apply)
      + public_ip                          = (known after apply)
      + secondary_private_ip_address_count = (known after apply)
      + secondary_private_ip_addresses     = (known after apply)
      + subnet_id                          = (known after apply)
      + tags                               = {
          + "Name" = "three-tier-app-dev-nat-gw-2"
        }
      + tags_all                           = {
          + "Environment" = "dev"
          + "ManagedBy"   = "Terraform"
          + "Name"        = "three-tier-app-dev-nat-gw-2"
          + "Owner"       = "platform-team"
          + "Project"     = "three-tier-app"
        }
    }

  # module.networking.aws_route_table.private_app[0] will be created
  + resource "aws_route_table" "private_app" {
      + arn              = (known after apply)
      + id               = (known after apply)
      + owner_id         = (known after apply)
      + propagating_vgws = (known after apply)
      + route            = [
          + {
              + cidr_block                 = "0.0.0.0/0"
              + nat_gateway_id             = (known after apply)
                # (11 unchanged attributes hidden)
            },
        ]
      + tags             = {
          + "Name" = "three-tier-app-dev-private-app-rt-1"
        }
      + tags_all         = {
          + "Environment" = "dev"
          + "ManagedBy"   = "Terraform"
          + "Name"        = "three-tier-app-dev-private-app-rt-1"
          + "Owner"       = "platform-team"
          + "Project"     = "three-tier-app"
        }
      + vpc_id           = (known after apply)
    }

  # module.networking.aws_route_table.private_app[1] will be created
  + resource "aws_route_table" "private_app" {
      + arn              = (known after apply)
      + id               = (known after apply)
      + owner_id         = (known after apply)
      + propagating_vgws = (known after apply)
      + route            = [
          + {
              + cidr_block                 = "0.0.0.0/0"
              + nat_gateway_id             = (known after apply)
                # (11 unchanged attributes hidden)
            },
        ]
      + tags             = {
          + "Name" = "three-tier-app-dev-private-app-rt-2"
        }
      + tags_all         = {
          + "Environment" = "dev"
          + "ManagedBy"   = "Terraform"
          + "Name"        = "three-tier-app-dev-private-app-rt-2"
          + "Owner"       = "platform-team"
          + "Project"     = "three-tier-app"
        }
      + vpc_id           = (known after apply)
    }

  # module.networking.aws_route_table.private_db will be created
  + resource "aws_route_table" "private_db" {
      + arn              = (known after apply)
      + id               = (known after apply)
      + owner_id         = (known after apply)
      + propagating_vgws = (known after apply)
      + route            = (known after apply)
      + tags             = {
          + "Name" = "three-tier-app-dev-private-db-rt"
        }
      + tags_all         = {
          + "Environment" = "dev"
          + "ManagedBy"   = "Terraform"
          + "Name"        = "three-tier-app-dev-private-db-rt"
          + "Owner"       = "platform-team"
          + "Project"     = "three-tier-app"
        }
      + vpc_id           = (known after apply)
    }

  # module.networking.aws_route_table.public will be created
  + resource "aws_route_table" "public" {
      + arn              = (known after apply)
      + id               = (known after apply)
      + owner_id         = (known after apply)
      + propagating_vgws = (known after apply)
      + route            = [
          + {
              + cidr_block                 = "0.0.0.0/0"
              + gateway_id                 = (known after apply)
                # (11 unchanged attributes hidden)
            },
        ]
      + tags             = {
          + "Name" = "three-tier-app-dev-public-rt"
        }
      + tags_all         = {
          + "Environment" = "dev"
          + "ManagedBy"   = "Terraform"
          + "Name"        = "three-tier-app-dev-public-rt"
          + "Owner"       = "platform-team"
          + "Project"     = "three-tier-app"
        }
      + vpc_id           = (known after apply)
    }

  # module.networking.aws_route_table_association.private_app[0] will be created
  + resource "aws_route_table_association" "private_app" {
      + id             = (known after apply)
      + route_table_id = (known after apply)
      + subnet_id      = (known after apply)
    }

  # module.networking.aws_route_table_association.private_app[1] will be created
  + resource "aws_route_table_association" "private_app" {
      + id             = (known after apply)
      + route_table_id = (known after apply)
      + subnet_id      = (known after apply)
    }

  # module.networking.aws_route_table_association.private_db[0] will be created
  + resource "aws_route_table_association" "private_db" {
      + id             = (known after apply)
      + route_table_id = (known after apply)
      + subnet_id      = (known after apply)
    }

  # module.networking.aws_route_table_association.private_db[1] will be created
  + resource "aws_route_table_association" "private_db" {
      + id             = (known after apply)
      + route_table_id = (known after apply)
      + subnet_id      = (known after apply)
    }

  # module.networking.aws_route_table_association.public[0] will be created
  + resource "aws_route_table_association" "public" {
      + id             = (known after apply)
      + route_table_id = (known after apply)
      + subnet_id      = (known after apply)
    }

  # module.networking.aws_route_table_association.public[1] will be created
  + resource "aws_route_table_association" "public" {
      + id             = (known after apply)
      + route_table_id = (known after apply)
      + subnet_id      = (known after apply)
    }

  # module.networking.aws_subnet.private_app[0] will be created
  + resource "aws_subnet" "private_app" {
      + arn                                            = (known after apply)
      + assign_ipv6_address_on_creation                = false
      + availability_zone                              = "us-east-1a"
      + availability_zone_id                           = (known after apply)
      + cidr_block                                     = "10.0.11.0/24"
      + enable_dns64                                   = false
      + enable_resource_name_dns_a_record_on_launch    = false
      + enable_resource_name_dns_aaaa_record_on_launch = false
      + id                                             = (known after apply)
      + ipv6_cidr_block_association_id                 = (known after apply)
      + ipv6_native                                    = false
      + map_public_ip_on_launch                        = false
      + owner_id                                       = (known after apply)
      + private_dns_hostname_type_on_launch            = (known after apply)
      + tags                                           = {
          + "Name" = "three-tier-app-dev-private-app-subnet-1"
          + "Tier" = "private-app"
        }
      + tags_all                                       = {
          + "Environment" = "dev"
          + "ManagedBy"   = "Terraform"
          + "Name"        = "three-tier-app-dev-private-app-subnet-1"
          + "Owner"       = "platform-team"
          + "Project"     = "three-tier-app"
          + "Tier"        = "private-app"
        }
      + vpc_id                                         = (known after apply)
    }

  # module.networking.aws_subnet.private_app[1] will be created
  + resource "aws_subnet" "private_app" {
      + arn                                            = (known after apply)
      + assign_ipv6_address_on_creation                = false
      + availability_zone                              = "us-east-1b"
      + availability_zone_id                           = (known after apply)
      + cidr_block                                     = "10.0.12.0/24"
      + enable_dns64                                   = false
      + enable_resource_name_dns_a_record_on_launch    = false
      + enable_resource_name_dns_aaaa_record_on_launch = false
      + id                                             = (known after apply)
      + ipv6_cidr_block_association_id                 = (known after apply)
      + ipv6_native                                    = false
      + map_public_ip_on_launch                        = false
      + owner_id                                       = (known after apply)
      + private_dns_hostname_type_on_launch            = (known after apply)
      + tags                                           = {
          + "Name" = "three-tier-app-dev-private-app-subnet-2"
          + "Tier" = "private-app"
        }
      + tags_all                                       = {
          + "Environment" = "dev"
          + "ManagedBy"   = "Terraform"
          + "Name"        = "three-tier-app-dev-private-app-subnet-2"
          + "Owner"       = "platform-team"
          + "Project"     = "three-tier-app"
          + "Tier"        = "private-app"
        }
      + vpc_id                                         = (known after apply)
    }

  # module.networking.aws_subnet.private_db[0] will be created
  + resource "aws_subnet" "private_db" {
      + arn                                            = (known after apply)
      + assign_ipv6_address_on_creation                = false
      + availability_zone                              = "us-east-1a"
      + availability_zone_id                           = (known after apply)
      + cidr_block                                     = "10.0.21.0/24"
      + enable_dns64                                   = false
      + enable_resource_name_dns_a_record_on_launch    = false
      + enable_resource_name_dns_aaaa_record_on_launch = false
      + id                                             = (known after apply)
      + ipv6_cidr_block_association_id                 = (known after apply)
      + ipv6_native                                    = false
      + map_public_ip_on_launch                        = false
      + owner_id                                       = (known after apply)
      + private_dns_hostname_type_on_launch            = (known after apply)
      + tags                                           = {
          + "Name" = "three-tier-app-dev-private-db-subnet-1"
          + "Tier" = "private-db"
        }
      + tags_all                                       = {
          + "Environment" = "dev"
          + "ManagedBy"   = "Terraform"
          + "Name"        = "three-tier-app-dev-private-db-subnet-1"
          + "Owner"       = "platform-team"
          + "Project"     = "three-tier-app"
          + "Tier"        = "private-db"
        }
      + vpc_id                                         = (known after apply)
    }

  # module.networking.aws_subnet.private_db[1] will be created
  + resource "aws_subnet" "private_db" {
      + arn                                            = (known after apply)
      + assign_ipv6_address_on_creation                = false
      + availability_zone                              = "us-east-1b"
      + availability_zone_id                           = (known after apply)
      + cidr_block                                     = "10.0.22.0/24"
      + enable_dns64                                   = false
      + enable_resource_name_dns_a_record_on_launch    = false
      + enable_resource_name_dns_aaaa_record_on_launch = false
      + id                                             = (known after apply)
      + ipv6_cidr_block_association_id                 = (known after apply)
      + ipv6_native                                    = false
      + map_public_ip_on_launch                        = false
      + owner_id                                       = (known after apply)
      + private_dns_hostname_type_on_launch            = (known after apply)
      + tags                                           = {
          + "Name" = "three-tier-app-dev-private-db-subnet-2"
          + "Tier" = "private-db"
        }
      + tags_all                                       = {
          + "Environment" = "dev"
          + "ManagedBy"   = "Terraform"
          + "Name"        = "three-tier-app-dev-private-db-subnet-2"
          + "Owner"       = "platform-team"
          + "Project"     = "three-tier-app"
          + "Tier"        = "private-db"
        }
      + vpc_id                                         = (known after apply)
    }

  # module.networking.aws_subnet.public[0] will be created
  + resource "aws_subnet" "public" {
      + arn                                            = (known after apply)
      + assign_ipv6_address_on_creation                = false
      + availability_zone                              = "us-east-1a"
      + availability_zone_id                           = (known after apply)
      + cidr_block                                     = "10.0.1.0/24"
      + enable_dns64                                   = false
      + enable_resource_name_dns_a_record_on_launch    = false
      + enable_resource_name_dns_aaaa_record_on_launch = false
      + id                                             = (known after apply)
      + ipv6_cidr_block_association_id                 = (known after apply)
      + ipv6_native                                    = false
      + map_public_ip_on_launch                        = true
      + owner_id                                       = (known after apply)
      + private_dns_hostname_type_on_launch            = (known after apply)
      + tags                                           = {
          + "Name" = "three-tier-app-dev-public-subnet-1"
          + "Tier" = "public"
        }
      + tags_all                                       = {
          + "Environment" = "dev"
          + "ManagedBy"   = "Terraform"
          + "Name"        = "three-tier-app-dev-public-subnet-1"
          + "Owner"       = "platform-team"
          + "Project"     = "three-tier-app"
          + "Tier"        = "public"
        }
      + vpc_id                                         = (known after apply)
    }

  # module.networking.aws_subnet.public[1] will be created
  + resource "aws_subnet" "public" {
      + arn                                            = (known after apply)
      + assign_ipv6_address_on_creation                = false
      + availability_zone                              = "us-east-1b"
      + availability_zone_id                           = (known after apply)
      + cidr_block                                     = "10.0.2.0/24"
      + enable_dns64                                   = false
      + enable_resource_name_dns_a_record_on_launch    = false
      + enable_resource_name_dns_aaaa_record_on_launch = false
      + id                                             = (known after apply)
      + ipv6_cidr_block_association_id                 = (known after apply)
      + ipv6_native                                    = false
      + map_public_ip_on_launch                        = true
      + owner_id                                       = (known after apply)
      + private_dns_hostname_type_on_launch            = (known after apply)
      + tags                                           = {
          + "Name" = "three-tier-app-dev-public-subnet-2"
          + "Tier" = "public"
        }
      + tags_all                                       = {
          + "Environment" = "dev"
          + "ManagedBy"   = "Terraform"
          + "Name"        = "three-tier-app-dev-public-subnet-2"
          + "Owner"       = "platform-team"
          + "Project"     = "three-tier-app"
          + "Tier"        = "public"
        }
      + vpc_id                                         = (known after apply)
    }

  # module.networking.aws_vpc.main will be created
  + resource "aws_vpc" "main" {
      + arn                                  = (known after apply)
      + cidr_block                           = "10.0.0.0/16"
      + default_network_acl_id               = (known after apply)
      + default_route_table_id               = (known after apply)
      + default_security_group_id            = (known after apply)
      + dhcp_options_id                      = (known after apply)
      + enable_dns_hostnames                 = true
      + enable_dns_support                   = true
      + enable_network_address_usage_metrics = (known after apply)
      + id                                   = (known after apply)
      + instance_tenancy                     = "default"
      + ipv6_association_id                  = (known after apply)
      + ipv6_cidr_block                      = (known after apply)
      + ipv6_cidr_block_network_border_group = (known after apply)
      + main_route_table_id                  = (known after apply)
      + owner_id                             = (known after apply)
      + tags                                 = {
          + "Name" = "three-tier-app-dev-vpc"
        }
      + tags_all                             = {
          + "Environment" = "dev"
          + "ManagedBy"   = "Terraform"
          + "Name"        = "three-tier-app-dev-vpc"
          + "Owner"       = "platform-team"
          + "Project"     = "three-tier-app"
        }
    }

Plan: 42 to add, 0 to change, 0 to destroy.

Changes to Outputs:
  + alb_dns_name           = (known after apply)
  + alb_security_group_id  = (known after apply)
  + alb_zone_id            = (known after apply)
  + app_security_group_id  = (known after apply)
  + asg_name               = "three-tier-app-dev-asg"
  + db_endpoint            = (known after apply)
  + db_name                = "appdb"
  + db_port                = (known after apply)
  + db_security_group_id   = (known after apply)
  + private_app_subnet_ids = [
      + (known after apply),
      + (known after apply),
    ]
  + private_db_subnet_ids  = [
      + (known after apply),
      + (known after apply),
    ]
  + public_subnet_ids      = [
      + (known after apply),
      + (known after apply),
    ]
  + s3_bucket_arn          = (known after apply)
  + s3_bucket_name         = (known after apply)
  + vpc_id                 = (known after apply)

Warning: Invalid Attribute Combination

  with aws_s3_bucket_lifecycle_configuration.static_assets,
  on main.tf line 131, in resource "aws_s3_bucket_lifecycle_configuration" "static_assets":
 131: resource "aws_s3_bucket_lifecycle_configuration" "static_assets" {

No attribute specified when one (and only one) of
[rule[0].filter,rule[0].prefix] is required

This will be an error in a future version of the provider

GöÇGöÇGöÇGöÇGöÇGöÇGöÇGöÇGöÇGöÇGöÇGöÇGöÇGöÇGöÇGöÇGöÇGöÇGöÇGöÇGöÇGöÇGöÇGöÇGöÇGöÇGöÇGöÇGöÇGöÇGöÇGöÇGöÇGöÇGöÇGöÇGöÇGöÇGöÇGöÇGöÇGöÇGöÇGöÇGöÇGöÇGöÇGöÇGöÇGöÇGöÇGöÇGöÇGöÇGöÇGöÇGöÇGöÇGöÇGöÇGöÇGöÇGöÇGöÇGöÇGöÇGöÇGöÇGöÇGöÇGöÇGöÇGöÇGöÇGöÇGöÇGöÇ

Note: You didn't use the -out option to save this plan, so Terraform can't
guarantee to take exactly these actions if you run "terraform apply" now.
